
Microsoft Visual Studio Solution File, Format Version 12.00
# Visual Studio 2013
VisualStudioVersion = 12.0.21005.1
MinimumVisualStudioVersion = 10.0.40219.1
Project("{FAE04EC0-301F-11D3-BF4B-00C04F79EFBC}") = "sitemap menu example", "sitemap menu example\sitemap menu example.csproj", "{C596BEBF-A914-4B1F-91E6-FED6D12429EE}"
EndProject
Project("{FAE04EC0-301F-11D3-BF4B-00C04F79EFBC}") = "sitemap and sitemappath  Control", "sitemap and sitemappath  Control\sitemap and sitemappath  Control.csproj", "{D28BD484-516E-481E-8845-415DFAD1C7F9}"
EndProject
Global
	GlobalSection(SolutionConfigurationPlatforms) = preSolution
		Debug|Any CPU = Debug|Any CPU
		Release|Any CPU = Release|Any CPU
	EndGlobalSection
	GlobalSection(ProjectConfigurationPlatforms) = postSolution
		{C596BEBF-A914-4B1F-91E6-FED6D12429EE}.Debug|Any CPU.ActiveCfg = Debug|Any CPU
		{C596BEBF-A914-4B1F-91E6-FED6D12429EE}.Debug|Any CPU.Build.0 = Debug|Any CPU
		{C596BEBF-A914-4B1F-91E6-FED6D12429EE}.Release|Any CPU.ActiveCfg = Release|Any CPU
		{C596BEBF-A914-4B1F-91E6-FED6D12429EE}.Release|Any CPU.Build.0 = Release|Any CPU
		{D28BD484-516E-481E-8845-415DFAD1C7F9}.Debug|Any CPU.ActiveCfg = Debug|Any CPU
		{D28BD484-516E-481E-8845-415DFAD1C7F9}.Debug|Any CPU.Build.0 = Debug|Any CPU
		{D28BD484-516E-481E-8845-415DFAD1C7F9}.Release|Any CPU.ActiveCfg = Release|Any CPU
		{D28BD484-516E-481E-8845-415DFAD1C7F9}.Release|Any CPU.Build.0 = Release|Any CPU
	EndGlobalSection
	GlobalSection(SolutionProperties) = preSolution
		HideSolutionNode = FALSE
	EndGlobalSection
EndGlobal
